
Microsoft Visual Studio Solution File, Format Version 12.00
# Visual Studio Version 16
VisualStudioVersion = 16.0.30621.155
MinimumVisualStudioVersion = 10.0.40219.1
Project("{FAE04EC0-301F-11D3-BF4B-00C04F79EFBC}") = "RatingAPI", "RatingAPI.csproj", "{84B30CB6-E427-44EA-8290-D75DDEF33EED}"
EndProject
Global
	GlobalSection(SolutionConfigurationPlatforms) = preSolution
		Debug|Any CPU = Debug|Any CPU
		Release|Any CPU = Release|Any CPU
	EndGlobalSection
	GlobalSection(ProjectConfigurationPlatforms) = postSolution
		{84B30CB6-E427-44EA-8290-D75DDEF33EED}.Debug|Any CPU.ActiveCfg = Debug|Any CPU
		{84B30CB6-E427-44EA-8290-D75DDEF33EED}.Debug|Any CPU.Build.0 = Debug|Any CPU
		{84B30CB6-E427-44EA-8290-D75DDEF33EED}.Release|Any CPU.ActiveCfg = Release|Any CPU
		{84B30CB6-E427-44EA-8290-D75DDEF33EED}.Release|Any CPU.Build.0 = Release|Any CPU
	EndGlobalSection
	GlobalSection(SolutionProperties) = preSolution
		HideSolutionNode = FALSE
	EndGlobalSection
	GlobalSection(ExtensibilityGlobals) = postSolution
		SolutionGuid = {23AD6164-C9EC-4B20-B219-F26AF514CBDD}
	EndGlobalSection
EndGlobal
